// !$*UTF8*$!
{
	archiveVersion = 1;
	classes = {
	};
	objectVersion = 56;
	objects = {

/* Begin PBXBuildFile section */
		043CB1182976A6CE008B6FA7 /* AppDelegate.swift in Sources */ = {isa = PBXBuildFile; fileRef = 043CB1172976A6CE008B6FA7 /* AppDelegate.swift */; };
		043CB11A2976A6CE008B6FA7 /* SceneDelegate.swift in Sources */ = {isa = PBXBuildFile; fileRef = 043CB1192976A6CE008B6FA7 /* SceneDelegate.swift */; };
		043CB11F2976A6CE008B6FA7 /* Main.storyboard in Resources */ = {isa = PBXBuildFile; fileRef = 043CB11D2976A6CE008B6FA7 /* Main.storyboard */; };
		043CB1242976A6CF008B6FA7 /* LaunchScreen.storyboard in Resources */ = {isa = PBXBuildFile; fileRef = 043CB1222976A6CF008B6FA7 /* LaunchScreen.storyboard */; };
		043CB12F2976A6D0008B6FA7 /* newsapplicationTests.swift in Sources */ = {isa = PBXBuildFile; fileRef = 043CB12E2976A6D0008B6FA7 /* newsapplicationTests.swift */; };
		043CB1392976A6D0008B6FA7 /* newsapplicationUITests.swift in Sources */ = {isa = PBXBuildFile; fileRef = 043CB1382976A6D0008B6FA7 /* newsapplicationUITests.swift */; };
		043CB13B2976A6D0008B6FA7 /* newsapplicationUITestsLaunchTests.swift in Sources */ = {isa = PBXBuildFile; fileRef = 043CB13A2976A6D0008B6FA7 /* newsapplicationUITestsLaunchTests.swift */; };
		0497EE022978344100F0CF76 /* categoriesViewController.swift in Sources */ = {isa = PBXBuildFile; fileRef = 0497EE012978344100F0CF76 /* categoriesViewController.swift */; };
		0497EE042978352900F0CF76 /* settingsViewController.swift in Sources */ = {isa = PBXBuildFile; fileRef = 0497EE032978352900F0CF76 /* settingsViewController.swift */; };
		0497EE062978354100F0CF76 /* homeViewController.swift in Sources */ = {isa = PBXBuildFile; fileRef = 0497EE052978354100F0CF76 /* homeViewController.swift */; };
		0497EE082978356300F0CF76 /* vidoesViewController.swift in Sources */ = {isa = PBXBuildFile; fileRef = 0497EE072978356300F0CF76 /* vidoesViewController.swift */; };
		0497EE0A2978362D00F0CF76 /* categoryCollectionViewCell.swift in Sources */ = {isa = PBXBuildFile; fileRef = 0497EE092978362D00F0CF76 /* categoryCollectionViewCell.swift */; };
		049962CA2978572A00915182 /* Assets.xcassets in Resources */ = {isa = PBXBuildFile; fileRef = 049962C92978572A00915182 /* Assets.xcassets */; };
		049962CC2978663D00915182 /* settingTableViewCell.swift in Sources */ = {isa = PBXBuildFile; fileRef = 049962CB2978663D00915182 /* settingTableViewCell.swift */; };
		04CDFA9A2976DA66006AF7CC /* ContainerTabBarController.swift in Sources */ = {isa = PBXBuildFile; fileRef = 04CDFA992976DA66006AF7CC /* ContainerTabBarController.swift */; };
/* End PBXBuildFile section */

/* Begin PBXContainerItemProxy section */
		043CB12B2976A6D0008B6FA7 /* PBXContainerItemProxy */ = {
			isa = PBXContainerItemProxy;
			containerPortal = 043CB10C2976A6CE008B6FA7 /* Project object */;
			proxyType = 1;
			remoteGlobalIDString = 043CB1132976A6CE008B6FA7;
			remoteInfo = newsapplication;
		};
		043CB1352976A6D0008B6FA7 /* PBXContainerItemProxy */ = {
			isa = PBXContainerItemProxy;
			containerPortal = 043CB10C2976A6CE008B6FA7 /* Project object */;
			proxyType = 1;
			remoteGlobalIDString = 043CB1132976A6CE008B6FA7;
			remoteInfo = newsapplication;
		};
/* End PBXContainerItemProxy section */

/* Begin PBXFileReference section */
		043CB1142976A6CE008B6FA7 /* newsapplication.app */ = {isa = PBXFileReference; explicitFileType = wrapper.application; includeInIndex = 0; path = newsapplication.app; sourceTree = BUILT_PRODUCTS_DIR; };
		043CB1172976A6CE008B6FA7 /* AppDelegate.swift */ = {isa = PBXFileReference; lastKnownFileType = sourcecode.swift; path = AppDelegate.swift; sourceTree = "<group>"; };
		043CB1192976A6CE008B6FA7 /* SceneDelegate.swift */ = {isa = PBXFileReference; lastKnownFileType = sourcecode.swift; path = SceneDelegate.swift; sourceTree = "<group>"; };
		043CB11E2976A6CE008B6FA7 /* Base */ = {isa = PBXFileReference; lastKnownFileType = file.storyboard; name = Base; path = Base.lproj/Main.storyboard; sourceTree = "<group>"; };
		043CB1232976A6CF008B6FA7 /* Base */ = {isa = PBXFileReference; lastKnownFileType = file.storyboard; name = Base; path = Base.lproj/LaunchScreen.storyboard; sourceTree = "<group>"; };
		043CB1252976A6CF008B6FA7 /* Info.plist */ = {isa = PBXFileReference; lastKnownFileType = text.plist.xml; path = Info.plist; sourceTree = "<group>"; };
		043CB12A2976A6D0008B6FA7 /* newsapplicationTests.xctest */ = {isa = PBXFileReference; explicitFileType = wrapper.cfbundle; includeInIndex = 0; path = newsapplicationTests.xctest; sourceTree = BUILT_PRODUCTS_DIR; };
		043CB12E2976A6D0008B6FA7 /* newsapplicationTests.swift */ = {isa = PBXFileReference; lastKnownFileType = sourcecode.swift; path = newsapplicationTests.swift; sourceTree = "<group>"; };
		043CB1342976A6D0008B6FA7 /* newsapplicationUITests.xctest */ = {isa = PBXFileReference; explicitFileType = wrapper.cfbundle; includeInIndex = 0; path = newsapplicationUITests.xctest; sourceTree = BUILT_PRODUCTS_DIR; };
		043CB1382976A6D0008B6FA7 /* newsapplicationUITests.swift */ = {isa = PBXFileReference; lastKnownFileType = sourcecode.swift; path = newsapplicationUITests.swift; sourceTree = "<group>"; };
		043CB13A2976A6D0008B6FA7 /* newsapplicationUITestsLaunchTests.swift */ = {isa = PBXFileReference; lastKnownFileType = sourcecode.swift; path = newsapplicationUITestsLaunchTests.swift; sourceTree = "<group>"; };
		0497EE012978344100F0CF76 /* categoriesViewController.swift */ = {isa = PBXFileReference; lastKnownFileType = sourcecode.swift; path = categoriesViewController.swift; sourceTree = "<group>"; };
		0497EE032978352900F0CF76 /* settingsViewController.swift */ = {isa = PBXFileReference; lastKnownFileType = sourcecode.swift; path = settingsViewController.swift; sourceTree = "<group>"; };
		0497EE052978354100F0CF76 /* homeViewController.swift */ = {isa = PBXFileReference; lastKnownFileType = sourcecode.swift; path = homeViewController.swift; sourceTree = "<group>"; };
		0497EE072978356300F0CF76 /* vidoesViewController.swift */ = {isa = PBXFileReference; lastKnownFileType = sourcecode.swift; path = vidoesViewController.swift; sourceTree = "<group>"; };
		0497EE092978362D00F0CF76 /* categoryCollectionViewCell.swift */ = {isa = PBXFileReference; lastKnownFileType = sourcecode.swift; path = categoryCollectionViewCell.swift; sourceTree = "<group>"; };
		049962C92978572A00915182 /* Assets.xcassets */ = {isa = PBXFileReference; lastKnownFileType = folder.assetcatalog; name = Assets.xcassets; path = temp/temp/Assets.xcassets; sourceTree = SOURCE_ROOT; };
		049962CB2978663D00915182 /* settingTableViewCell.swift */ = {isa = PBXFileReference; lastKnownFileType = sourcecode.swift; path = settingTableViewCell.swift; sourceTree = "<group>"; };
		049962CD2978863D00915182 /* aboutVC.swift */ = {isa = PBXFileReference; lastKnownFileType = sourcecode.swift; path = aboutVC.swift; sourceTree = "<group>"; };
		04CDFA992976DA66006AF7CC /* ContainerTabBarController.swift */ = {isa = PBXFileReference; lastKnownFileType = sourcecode.swift; path = ContainerTabBarController.swift; sourceTree = "<group>"; };
/* End PBXFileReference section */

/* Begin PBXFrameworksBuildPhase section */
		043CB1112976A6CE008B6FA7 /* Frameworks */ = {
			isa = PBXFrameworksBuildPhase;
			buildActionMask = 2147483647;
			files = (
			);
			runOnlyForDeploymentPostprocessing = 0;
		};
		043CB1272976A6D0008B6FA7 /* Frameworks */ = {
			isa = PBXFrameworksBuildPhase;
			buildActionMask = 2147483647;
			files = (
			);
			runOnlyForDeploymentPostprocessing = 0;
		};
		043CB1312976A6D0008B6FA7 /* Frameworks */ = {
			isa = PBXFrameworksBuildPhase;
			buildActionMask = 2147483647;
			files = (
			);
			runOnlyForDeploymentPostprocessing = 0;
		};
/* End PBXFrameworksBuildPhase section */

/* Begin PBXGroup section */
		043CB10B2976A6CE008B6FA7 = {
			isa = PBXGroup;
			children = (
				043CB1162976A6CE008B6FA7 /* newsapplication */,
				043CB12D2976A6D0008B6FA7 /* newsapplicationTests */,
				043CB1372976A6D0008B6FA7 /* newsapplicationUITests */,
				043CB1152976A6CE008B6FA7 /* Products */,
			);
			sourceTree = "<group>";
		};
		043CB1152976A6CE008B6FA7 /* Products */ = {
			isa = PBXGroup;
			children = (
				043CB1142976A6CE008B6FA7 /* newsapplication.app */,
				043CB12A2976A6D0008B6FA7 /* newsapplicationTests.xctest */,
				043CB1342976A6D0008B6FA7 /* newsapplicationUITests.xctest */,
			);
			name = Products;
			sourceTree = "<group>";
		};
		043CB1162976A6CE008B6FA7 /* newsapplication */ = {
			isa = PBXGroup;
			children = (
				043CB14A2976ABD2008B6FA7 /* controllers */,
				043CB1492976ABBB008B6FA7 /* views */,
				043CB1482976AB8B008B6FA7 /* supportingFiles */,
				043CB1472976AB6A008B6FA7 /* dataModels */,
				043CB1172976A6CE008B6FA7 /* AppDelegate.swift */,
				043CB1192976A6CE008B6FA7 /* SceneDelegate.swift */,
				043CB1252976A6CF008B6FA7 /* Info.plist */,
			);
			path = newsapplication;
			sourceTree = "<group>";
		};
		043CB12D2976A6D0008B6FA7 /* newsapplicationTests */ = {
			isa = PBXGroup;
			children = (
				043CB12E2976A6D0008B6FA7 /* newsapplicationTests.swift */,
			);
			path = newsapplicationTests;
			sourceTree = "<group>";
		};
		043CB1372976A6D0008B6FA7 /* newsapplicationUITests */ = {
			isa = PBXGroup;
			children = (
				043CB1382976A6D0008B6FA7 /* newsapplicationUITests.swift */,
				043CB13A2976A6D0008B6FA7 /* newsapplicationUITestsLaunchTests.swift */,
			);
			path = newsapplicationUITests;
			sourceTree = "<group>";
		};
		043CB1472976AB6A008B6FA7 /* dataModels */ = {
			isa = PBXGroup;
			children = (
			);
			path = dataModels;
			sourceTree = "<group>";
		};
		043CB1482976AB8B008B6FA7 /* supportingFiles */ = {
			isa = PBXGroup;
			children = (
				049962C92978572A00915182 /* Assets.xcassets */,
				043CB1222976A6CF008B6FA7 /* LaunchScreen.storyboard */,
			);
			path = supportingFiles;
			sourceTree = "<group>";
		};
		043CB1492976ABBB008B6FA7 /* views */ = {
			isa = PBXGroup;
			children = (
				043CB11D2976A6CE008B6FA7 /* Main.storyboard */,
			);
			path = views;
			sourceTree = "<group>";
		};
		043CB14A2976ABD2008B6FA7 /* controllers */ = {
			isa = PBXGroup;
			children = (
				04CDFA992976DA66006AF7CC /* ContainerTabBarController.swift */,
				0497EE012978344100F0CF76 /* categoriesViewController.swift */,
				0497EE032978352900F0CF76 /* settingsViewController.swift */,
				0497EE052978354100F0CF76 /* homeViewController.swift */,
				0497EE072978356300F0CF76 /* vidoesViewController.swift */,
				0497EE092978362D00F0CF76 /* categoryCollectionViewCell.swift */,
				049962CB2978663D00915182 /* settingTableViewCell.swift */,
				049962CD2978863D00915182 /* aboutVC.swift */,
			);
			path = controllers;
			sourceTree = "<group>";
		};
/* End PBXGroup section */

/* Begin PBXNativeTarget section */
		043CB1132976A6CE008B6FA7 /* newsapplication */ = {
			isa = PBXNativeTarget;
			buildConfigurationList = 043CB13E2976A6D0008B6FA7 /* Build configuration list for PBXNativeTarget "newsapplication" */;
			buildPhases = (
				043CB1102976A6CE008B6FA7 /* Sources */,
				043CB1112976A6CE008B6FA7 /* Frameworks */,
				043CB1122976A6CE008B6FA7 /* Resources */,
			);
			buildRules = (
			);
			dependencies = (
			);
			name = newsapplication;
			productName = newsapplication;
			productReference = 043CB1142976A6CE008B6FA7 /* newsapplication.app */;
			productType = "com.apple.product-type.application";
		};
		043CB1292976A6D0008B6FA7 /* newsapplicationTests */ = {
			isa = PBXNativeTarget;
			buildConfigurationList = 043CB1412976A6D0008B6FA7 /* Build configuration list for PBXNativeTarget "newsapplicationTests" */;
			buildPhases = (
				043CB1262976A6D0008B6FA7 /* Sources */,
				043CB1272976A6D0008B6FA7 /* Frameworks */,
				043CB1282976A6D0008B6FA7 /* Resources */,
			);
			buildRules = (
			);
			dependencies = (
				043CB12C2976A6D0008B6FA7 /* PBXTargetDependency */,
			);
			name = newsapplicationTests;
			productName = newsapplicationTests;
			productReference = 043CB12A2976A6D0008B6FA7 /* newsapplicationTests.xctest */;
			productType = "com.apple.product-type.bundle.unit-test";
		};
		043CB1332976A6D0008B6FA7 /* newsapplicationUITests */ = {
			isa = PBXNativeTarget;
			buildConfigurationList = 043CB1442976A6D0008B6FA7 /* Build configuration list for PBXNativeTarget "newsapplicationUITests" */;
			buildPhases = (
				043CB1302976A6D0008B6FA7 /* Sources */,
				043CB1312976A6D0008B6FA7 /* Frameworks */,
				043CB1322976A6D0008B6FA7 /* Resources */,
			);
			buildRules = (
			);
			dependencies = (
				043CB1362976A6D0008B6FA7 /* PBXTargetDependency */,
			);
			name = newsapplicationUITests;
			productName = newsapplicationUITests;
			productReference = 043CB1342976A6D0008B6FA7 /* newsapplicationUITests.xctest */;
			productType = "com.apple.product-type.bundle.ui-testing";
		};
/* End PBXNativeTarget section */

/* Begin PBXProject section */
		043CB10C2976A6CE008B6FA7 /* Project object */ = {
			isa = PBXProject;
			attributes = {
				BuildIndependentTargetsInParallel = 1;
				LastSwiftUpdateCheck = 1420;
				LastUpgradeCheck = 1420;
				TargetAttributes = {
					043CB1132976A6CE008B6FA7 = {
						CreatedOnToolsVersion = 14.2;
					};
					043CB1292976A6D0008B6FA7 = {
						CreatedOnToolsVersion = 14.2;
						TestTargetID = 043CB1132976A6CE008B6FA7;
					};
					043CB1332976A6D0008B6FA7 = {
						CreatedOnToolsVersion = 14.2;
						TestTargetID = 043CB1132976A6CE008B6FA7;
					};
				};
			};
			buildConfigurationList = 043CB10F2976A6CE008B6FA7 /* Build configuration list for PBXProject "newsapplication" */;
			compatibilityVersion = "Xcode 14.0";
			developmentRegion = en;
			hasScannedForEncodings = 0;
			knownRegions = (
				en,
				Base,
			);
			mainGroup = 043CB10B2976A6CE008B6FA7;
			productRefGroup = 043CB1152976A6CE008B6FA7 /* Products */;
			projectDirPath = "";
			projectRoot = "";
			targets = (
				043CB1132976A6CE008B6FA7 /* newsapplication */,
				043CB1292976A6D0008B6FA7 /* newsapplicationTests */,
				043CB1332976A6D0008B6FA7 /* newsapplicationUITests */,
			);
		};
/* End PBXProject section */

/* Begin PBXResourcesBuildPhase section */
		043CB1122976A6CE008B6FA7 /* Resources */ = {
			isa = PBXResourcesBuildPhase;
			buildActionMask = 2147483647;
			files = (
				043CB1242976A6CF008B6FA7 /* LaunchScreen.storyboard in Resources */,
				049962CA2978572A00915182 /* Assets.xcassets in Resources */,
				043CB11F2976A6CE008B6FA7 /* Main.storyboard in Resources */,
			);
			runOnlyForDeploymentPostprocessing = 0;
		};
		043CB1282976A6D0008B6FA7 /* Resources */ = {
			isa = PBXResourcesBuildPhase;
			buildActionMask = 2147483647;
			files = (
			);
			runOnlyForDeploymentPostprocessing = 0;
		};
		043CB1322976A6D0008B6FA7 /* Resources */ = {
			isa = PBXResourcesBuildPhase;
			buildActionMask = 2147483647;
			files = (
			);
			runOnlyForDeploymentPostprocessing = 0;
		};
/* End PBXResourcesBuildPhase section */

/* Begin PBXSourcesBuildPhase section */
		043CB1102976A6CE008B6FA7 /* Sources */ = {
			isa = PBXSourcesBuildPhase;
			buildActionMask = 2147483647;
			files = (
				0497EE0A2978362D00F0CF76 /* categoryCollectionViewCell.swift in Sources */,
				0497EE042978352900F0CF76 /* settingsViewController.swift in Sources */,
				0497EE062978354100F0CF76 /* homeViewController.swift in Sources */,
				0497EE022978344100F0CF76 /* categoriesViewController.swift in Sources */,
				0497EE082978356300F0CF76 /* vidoesViewController.swift in Sources */,
				049962CC2978663D00915182 /* settingTableViewCell.swift in Sources */,
				04CDFA9A2976DA66006AF7CC /* ContainerTabBarController.swift in Sources */,
				043CB1182976A6CE008B6FA7 /* AppDelegate.swift in Sources */,
				043CB11A2976A6CE008B6FA7 /* SceneDelegate.swift in Sources */,
			);
			runOnlyForDeploymentPostprocessing = 0;
		};
		043CB1262976A6D0008B6FA7 /* Sources */ = {
			isa = PBXSourcesBuildPhase;
			buildActionMask = 2147483647;
			files = (
				043CB12F2976A6D0008B6FA7 /* newsapplicationTests.swift in Sources */,
			);
			runOnlyForDeploymentPostprocessing = 0;
		};
		043CB1302976A6D0008B6FA7 /* Sources */ = {
			isa = PBXSourcesBuildPhase;
			buildActionMask = 2147483647;
			files = (
				043CB13B2976A6D0008B6FA7 /* newsapplicationUITestsLaunchTests.swift in Sources */,
				043CB1392976A6D0008B6FA7 /* newsapplicationUITests.swift in Sources */,
			);
			runOnlyForDeploymentPostprocessing = 0;
		};
/* End PBXSourcesBuildPhase section */

/* Begin PBXTargetDependency section */
		043CB12C2976A6D0008B6FA7 /* PBXTargetDependency */ = {
			isa = PBXTargetDependency;
			target = 043CB1132976A6CE008B6FA7 /* newsapplication */;
			targetProxy = 043CB12B2976A6D0008B6FA7 /* PBXContainerItemProxy */;
		};
		043CB1362976A6D0008B6FA7 /* PBXTargetDependency */ = {
			isa = PBXTargetDependency;
			target = 043CB1132976A6CE008B6FA7 /* newsapplication */;
			targetProxy = 043CB1352976A6D0008B6FA7 /* PBXContainerItemProxy */;
		};
/* End PBXTargetDependency section */

/* Begin PBXVariantGroup section */
		043CB11D2976A6CE008B6FA7 /* Main.storyboard */ = {
			isa = PBXVariantGroup;
			children = (
				043CB11E2976A6CE008B6FA7 /* Base */,
			);
			name = Main.storyboard;
			sourceTree = "<group>";
		};
		043CB1222976A6CF008B6FA7 /* LaunchScreen.storyboard */ = {
			isa = PBXVariantGroup;
			children = (
				043CB1232976A6CF008B6FA7 /* Base */,
			);
			name = LaunchScreen.storyboard;
			sourceTree = "<group>";
		};
/* End PBXVariantGroup section */

/* Begin XCBuildConfiguration section */
		043CB13C2976A6D0008B6FA7 /* Debug */ = {
			isa = XCBuildConfiguration;
			buildSettings = {
				ALWAYS_SEARCH_USER_PATHS = NO;
				CLANG_ANALYZER_NONNULL = YES;
				CLANG_ANALYZER_NUMBER_OBJECT_CONVERSION = YES_AGGRESSIVE;
				CLANG_CXX_LANGUAGE_STANDARD = "gnu++20";
				CLANG_ENABLE_MODULES = YES;
				CLANG_ENABLE_OBJC_ARC = YES;
				CLANG_ENABLE_OBJC_WEAK = YES;
				CLANG_WARN_BLOCK_CAPTURE_AUTORELEASING = YES;
				CLANG_WARN_BOOL_CONVERSION = YES;
				CLANG_WARN_COMMA = YES;
				CLANG_WARN_CONSTANT_CONVERSION = YES;
				CLANG_WARN_DEPRECATED_OBJC_IMPLEMENTATIONS = YES;
				CLANG_WARN_DIRECT_OBJC_ISA_USAGE = YES_ERROR;
				CLANG_WARN_DOCUMENTATION_COMMENTS = YES;
				CLANG_WARN_EMPTY_BODY = YES;
				CLANG_WARN_ENUM_CONVERSION = YES;
				CLANG_WARN_INFINITE_RECURSION = YES;
				CLANG_WARN_INT_CONVERSION = YES;
				CLANG_WARN_NON_LITERAL_NULL_CONVERSION = YES;
				CLANG_WARN_OBJC_IMPLICIT_RETAIN_SELF = YES;
				CLANG_WARN_OBJC_LITERAL_CONVERSION = YES;
				CLANG_WARN_OBJC_ROOT_CLASS = YES_ERROR;
				CLANG_WARN_QUOTED_INCLUDE_IN_FRAMEWORK_HEADER = YES;
				CLANG_WARN_RANGE_LOOP_ANALYSIS = YES;
				CLANG_WARN_STRICT_PROTOTYPES = YES;
				CLANG_WARN_SUSPICIOUS_MOVE = YES;
				CLANG_WARN_UNGUARDED_AVAILABILITY = YES_AGGRESSIVE;
				CLANG_WARN_UNREACHABLE_CODE = YES;
				CLANG_WARN__DUPLICATE_METHOD_MATCH = YES;
				COPY_PHASE_STRIP = NO;
				DEBUG_INFORMATION_FORMAT = dwarf;
				ENABLE_STRICT_OBJC_MSGSEND = YES;
				ENABLE_TESTABILITY = YES;
				GCC_C_LANGUAGE_STANDARD = gnu11;
				GCC_DYNAMIC_NO_PIC = NO;
				GCC_NO_COMMON_BLOCKS = YES;
				GCC_OPTIMIZATION_LEVEL = 0;
				GCC_PREPROCESSOR_DEFINITIONS = (
					"DEBUG=1",
					"$(inherited)",
				);
				GCC_WARN_64_TO_32_BIT_CONVERSION = YES;
				GCC_WARN_ABOUT_RETURN_TYPE = YES_ERROR;
				GCC_WARN_UNDECLARED_SELECTOR = YES;
				GCC_WARN_UNINITIALIZED_AUTOS = YES_AGGRESSIVE;
				GCC_WARN_UNUSED_FUNCTION = YES;
				GCC_WARN_UNUSED_VARIABLE = YES;
				IPHONEOS_DEPLOYMENT_TARGET = 16.2;
				MTL_ENABLE_DEBUG_INFO = INCLUDE_SOURCE;
				MTL_FAST_MATH = YES;
				ONLY_ACTIVE_ARCH = YES;
				SDKROOT = iphoneos;
				SWIFT_ACTIVE_COMPILATION_CONDITIONS = DEBUG;
				SWIFT_OPTIMIZATION_LEVEL = "-Onone";
			};
			name = Debug;
		};
		043CB13D2976A6D0008B6FA7 /* Release */ = {
			isa = XCBuildConfiguration;
			buildSettings = {
				ALWAYS_SEARCH_USER_PATHS = NO;
				CLANG_ANALYZER_NONNULL = YES;
				CLANG_ANALYZER_NUMBER_OBJECT_CONVERSION = YES_AGGRESSIVE;
				CLANG_CXX_LANGUAGE_STANDARD = "gnu++20";
				CLANG_ENABLE_MODULES = YES;
				CLANG_ENABLE_OBJC_ARC = YES;
				CLANG_ENABLE_OBJC_WEAK = YES;
				CLANG_WARN_BLOCK_CAPTURE_AUTORELEASING = YES;
				CLANG_WARN_BOOL_CONVERSION = YES;
				CLANG_WARN_COMMA = YES;
				CLANG_WARN_CONSTANT_CONVERSION = YES;
				CLANG_WARN_DEPRECATED_OBJC_IMPLEMENTATIONS = YES;
				CLANG_WARN_DIRECT_OBJC_ISA_USAGE = YES_ERROR;
				CLANG_WARN_DOCUMENTATION_COMMENTS = YES;
				CLANG_WARN_EMPTY_BODY = YES;
				CLANG_WARN_ENUM_CONVERSION = YES;
				CLANG_WARN_INFINITE_RECURSION = YES;
				CLANG_WARN_INT_CONVERSION = YES;
				CLANG_WARN_NON_LITERAL_NULL_CONVERSION = YES;
				CLANG_WARN_OBJC_IMPLICIT_RETAIN_SELF = YES;
				CLANG_WARN_OBJC_LITERAL_CONVERSION = YES;
				CLANG_WARN_OBJC_ROOT_CLASS = YES_ERROR;
				CLANG_WARN_QUOTED_INCLUDE_IN_FRAMEWORK_HEADER = YES;
				CLANG_WARN_RANGE_LOOP_ANALYSIS = YES;
				CLANG_WARN_STRICT_PROTOTYPES = YES;
				CLANG_WARN_SUSPICIOUS_MOVE = YES;
				CLANG_WARN_UNGUARDED_AVAILABILITY = YES_AGGRESSIVE;
				CLANG_WARN_UNREACHABLE_CODE = YES;
				CLANG_WARN__DUPLICATE_METHOD_MATCH = YES;
				COPY_PHASE_STRIP = NO;
				DEBUG_INFORMATION_FORMAT = "dwarf-with-dsym";
				ENABLE_NS_ASSERTIONS = NO;
				ENABLE_STRICT_OBJC_MSGSEND = YES;
				GCC_C_LANGUAGE_STANDARD = gnu11;
				GCC_NO_COMMON_BLOCKS = YES;
				GCC_WARN_64_TO_32_BIT_CONVERSION = YES;
				GCC_WARN_ABOUT_RETURN_TYPE = YES_ERROR;
				GCC_WARN_UNDECLARED_SELECTOR = YES;
				GCC_WARN_UNINITIALIZED_AUTOS = YES_AGGRESSIVE;
				GCC_WARN_UNUSED_FUNCTION = YES;
				GCC_WARN_UNUSED_VARIABLE = YES;
				IPHONEOS_DEPLOYMENT_TARGET = 16.2;
				MTL_ENABLE_DEBUG_INFO = NO;
				MTL_FAST_MATH = YES;
				SDKROOT = iphoneos;
				SWIFT_COMPILATION_MODE = wholemodule;
				SWIFT_OPTIMIZATION_LEVEL = "-O";
				VALIDATE_PRODUCT = YES;
			};
			name = Release;
		};
		043CB13F2976A6D0008B6FA7 /* Debug */ = {
			isa = XCBuildConfiguration;
			buildSettings = {
				ASSETCATALOG_COMPILER_APPICON_NAME = AppIcon;
				ASSETCATALOG_COMPILER_GLOBAL_ACCENT_COLOR_NAME = AccentColor;
				CODE_SIGN_STYLE = Automatic;
				CURRENT_PROJECT_VERSION = 1;
				GENERATE_INFOPLIST_FILE = YES;
				INFOPLIST_FILE = newsapplication/Info.plist;
				INFOPLIST_KEY_UIApplicationSupportsIndirectInputEvents = YES;
				INFOPLIST_KEY_UILaunchStoryboardName = LaunchScreen;
				INFOPLIST_KEY_UIMainStoryboardFile = Main;
				INFOPLIST_KEY_UISupportedInterfaceOrientations_iPad = "UIInterfaceOrientationPortrait UIInterfaceOrientationPortraitUpsideDown UIInterfaceOrientationLandscapeLeft UIInterfaceOrientationLandscapeRight";
				INFOPLIST_KEY_UISupportedInterfaceOrientations_iPhone = "UIInterfaceOrientationPortrait UIInterfaceOrientationLandscapeLeft UIInterfaceOrientationLandscapeRight";
				LD_RUNPATH_SEARCH_PATHS = (
					"$(inherited)",
					"@executable_path/Frameworks",
				);
				MARKETING_VERSION = 1.0;
				PRODUCT_BUNDLE_IDENTIFIER = sarainbashi.newsapplication;
				PRODUCT_NAME = "$(TARGET_NAME)";
				SWIFT_EMIT_LOC_STRINGS = YES;
				SWIFT_VERSION = 5.0;
				TARGETED_DEVICE_FAMILY = "1,2";
			};
			name = Debug;
		};
		043CB1402976A6D0008B6FA7 /* Release */ = {
			isa = XCBuildConfiguration;
			buildSettings = {
				ASSETCATALOG_COMPILER_APPICON_NAME = AppIcon;
				ASSETCATALOG_COMPILER_GLOBAL_ACCENT_COLOR_NAME = AccentColor;
				CODE_SIGN_STYLE = Automatic;
				CURRENT_PROJECT_VERSION = 1;
				GENERATE_INFOPLIST_FILE = YES;
				INFOPLIST_FILE = newsapplication/Info.plist;
				INFOPLIST_KEY_UIApplicationSupportsIndirectInputEvents = YES;
				INFOPLIST_KEY_UILaunchStoryboardName = LaunchScreen;
				INFOPLIST_KEY_UIMainStoryboardFile = Main;
				INFOPLIST_KEY_UISupportedInterfaceOrientations_iPad = "UIInterfaceOrientationPortrait UIInterfaceOrientationPortraitUpsideDown UIInterfaceOrientationLandscapeLeft UIInterfaceOrientationLandscapeRight";
				INFOPLIST_KEY_UISupportedInterfaceOrientations_iPhone = "UIInterfaceOrientationPortrait UIInterfaceOrientationLandscapeLeft UIInterfaceOrientationLandscapeRight";
				LD_RUNPATH_SEARCH_PATHS = (
					"$(inherited)",
					"@executable_path/Frameworks",
				);
				MARKETING_VERSION = 1.0;
				PRODUCT_BUNDLE_IDENTIFIER = sarainbashi.newsapplication;
				PRODUCT_NAME = "$(TARGET_NAME)";
				SWIFT_EMIT_LOC_STRINGS = YES;
				SWIFT_VERSION = 5.0;
				TARGETED_DEVICE_FAMILY = "1,2";
			};
			name = Release;
		};
		043CB1422976A6D0008B6FA7 /* Debug */ = {
			isa = XCBuildConfiguration;
			buildSettings = {
				ALWAYS_EMBED_SWIFT_STANDARD_LIBRARIES = YES;
				BUNDLE_LOADER = "$(TEST_HOST)";
				CODE_SIGN_STYLE = Automatic;
				CURRENT_PROJECT_VERSION = 1;
				GENERATE_INFOPLIST_FILE = YES;
				IPHONEOS_DEPLOYMENT_TARGET = 16.2;
				MARKETING_VERSION = 1.0;
				PRODUCT_BUNDLE_IDENTIFIER = sarainbashi.newsapplicationTests;
				PRODUCT_NAME = "$(TARGET_NAME)";
				SWIFT_EMIT_LOC_STRINGS = NO;
				SWIFT_VERSION = 5.0;
				TARGETED_DEVICE_FAMILY = "1,2";
				TEST_HOST = "$(BUILT_PRODUCTS_DIR)/newsapplication.app/$(BUNDLE_EXECUTABLE_FOLDER_PATH)/newsapplication";
			};
			name = Debug;
		};
		043CB1432976A6D0008B6FA7 /* Release */ = {
			isa = XCBuildConfiguration;
			buildSettings = {
				ALWAYS_EMBED_SWIFT_STANDARD_LIBRARIES = YES;
				BUNDLE_LOADER = "$(TEST_HOST)";
				CODE_SIGN_STYLE = Automatic;
				CURRENT_PROJECT_VERSION = 1;
				GENERATE_INFOPLIST_FILE = YES;
				IPHONEOS_DEPLOYMENT_TARGET = 16.2;
				MARKETING_VERSION = 1.0;
				PRODUCT_BUNDLE_IDENTIFIER = sarainbashi.newsapplicationTests;
				PRODUCT_NAME = "$(TARGET_NAME)";
				SWIFT_EMIT_LOC_STRINGS = NO;
				SWIFT_VERSION = 5.0;
				TARGETED_DEVICE_FAMILY = "1,2";
				TEST_HOST = "$(BUILT_PRODUCTS_DIR)/newsapplication.app/$(BUNDLE_EXECUTABLE_FOLDER_PATH)/newsapplication";
			};
			name = Release;
		};
		043CB1452976A6D0008B6FA7 /* Debug */ = {
			isa = XCBuildConfiguration;
			buildSettings = {
				ALWAYS_EMBED_SWIFT_STANDARD_LIBRARIES = YES;
				CODE_SIGN_STYLE = Automatic;
				CURRENT_PROJECT_VERSION = 1;
				GENERATE_INFOPLIST_FILE = YES;
				MARKETING_VERSION = 1.0;
				PRODUCT_BUNDLE_IDENTIFIER = sarainbashi.newsapplicationUITests;
				PRODUCT_NAME = "$(TARGET_NAME)";
				SWIFT_EMIT_LOC_STRINGS = NO;
				SWIFT_VERSION = 5.0;
				TARGETED_DEVICE_FAMILY = "1,2";
				TEST_TARGET_NAME = newsapplication;
			};
			name = Debug;
		};
		043CB1462976A6D0008B6FA7 /* Release */ = {
			isa = XCBuildConfiguration;
			buildSettings = {
				ALWAYS_EMBED_SWIFT_STANDARD_LIBRARIES = YES;
				CODE_SIGN_STYLE = Automatic;
				CURRENT_PROJECT_VERSION = 1;
				GENERATE_INFOPLIST_FILE = YES;
				MARKETING_VERSION = 1.0;
				PRODUCT_BUNDLE_IDENTIFIER = sarainbashi.newsapplicationUITests;
				PRODUCT_NAME = "$(TARGET_NAME)";
				SWIFT_EMIT_LOC_STRINGS = NO;
				SWIFT_VERSION = 5.0;
				TARGETED_DEVICE_FAMILY = "1,2";
				TEST_TARGET_NAME = newsapplication;
			};
			name = Release;
		};
/* End XCBuildConfiguration section */

/* Begin XCConfigurationList section */
		043CB10F2976A6CE008B6FA7 /* Build configuration list for PBXProject "newsapplication" */ = {
			isa = XCConfigurationList;
			buildConfigurations = (
				043CB13C2976A6D0008B6FA7 /* Debug */,
				043CB13D2976A6D0008B6FA7 /* Release */,
			);
			defaultConfigurationIsVisible = 0;
			defaultConfigurationName = Release;
		};
		043CB13E2976A6D0008B6FA7 /* Build configuration list for PBXNativeTarget "newsapplication" */ = {
			isa = XCConfigurationList;
			buildConfigurations = (
				043CB13F2976A6D0008B6FA7 /* Debug */,
				043CB1402976A6D0008B6FA7 /* Release */,
			);
			defaultConfigurationIsVisible = 0;
			defaultConfigurationName = Release;
		};
		043CB1412976A6D0008B6FA7 /* Build configuration list for PBXNativeTarget "newsapplicationTests" */ = {
			isa = XCConfigurationList;
			buildConfigurations = (
				043CB1422976A6D0008B6FA7 /* Debug */,
				043CB1432976A6D0008B6FA7 /* Release */,
			);
			defaultConfigurationIsVisible = 0;
			defaultConfigurationName = Release;
		};
		043CB1442976A6D0008B6FA7 /* Build configuration list for PBXNativeTarget "newsapplicationUITests" */ = {
			isa = XCConfigurationList;
			buildConfigurations = (
				043CB1452976A6D0008B6FA7 /* Debug */,
				043CB1462976A6D0008B6FA7 /* Release */,
			);
			defaultConfigurationIsVisible = 0;
			defaultConfigurationName = Release;
		};
/* End XCConfigurationList section */
	};
	rootObject = 043CB10C2976A6CE008B6FA7 /* Project object */;
}
